
Microsoft Visual Studio Solution File, Format Version 12.00
# Visual Studio Version 17
VisualStudioVersion = 17.0.32112.339
MinimumVisualStudioVersion = 10.0.40219.1
Project("{8BC9CEB8-8B4A-11D0-8D11-00A0C91BC942}") = "TheBalda", "TheBalda\TheBalda.vcxproj", "{8CE3CF7E-21DF-450D-9D22-DC4D501205E4}"
EndProject
Project("{8BC9CEB8-8B4A-11D0-8D11-00A0C91BC942}") = "test_TheBalda", "test_TheBalda\test_TheBalda.vcxproj", "{095150C9-22E4-4A00-951E-53FBA583A5FF}"
EndProject
Global
	GlobalSection(SolutionConfigurationPlatforms) = preSolution
		Debug|x64 = Debug|x64
		Debug|x86 = Debug|x86
		Release|x64 = Release|x64
		Release|x86 = Release|x86
	EndGlobalSection
	GlobalSection(ProjectConfigurationPlatforms) = postSolution
		{8CE3CF7E-21DF-450D-9D22-DC4D501205E4}.Debug|x64.ActiveCfg = Debug|x64
		{8CE3CF7E-21DF-450D-9D22-DC4D501205E4}.Debug|x64.Build.0 = Debug|x64
		{8CE3CF7E-21DF-450D-9D22-DC4D501205E4}.Debug|x86.ActiveCfg = Debug|Win32
		{8CE3CF7E-21DF-450D-9D22-DC4D501205E4}.Debug|x86.Build.0 = Debug|Win32
		{8CE3CF7E-21DF-450D-9D22-DC4D501205E4}.Release|x64.ActiveCfg = Release|x64
		{8CE3CF7E-21DF-450D-9D22-DC4D501205E4}.Release|x64.Build.0 = Release|x64
		{8CE3CF7E-21DF-450D-9D22-DC4D501205E4}.Release|x86.ActiveCfg = Release|Win32
		{8CE3CF7E-21DF-450D-9D22-DC4D501205E4}.Release|x86.Build.0 = Release|Win32
		{095150C9-22E4-4A00-951E-53FBA583A5FF}.Debug|x64.ActiveCfg = Debug|x64
		{095150C9-22E4-4A00-951E-53FBA583A5FF}.Debug|x64.Build.0 = Debug|x64
		{095150C9-22E4-4A00-951E-53FBA583A5FF}.Debug|x86.ActiveCfg = Debug|Win32
		{095150C9-22E4-4A00-951E-53FBA583A5FF}.Debug|x86.Build.0 = Debug|Win32
		{095150C9-22E4-4A00-951E-53FBA583A5FF}.Release|x64.ActiveCfg = Release|x64
		{095150C9-22E4-4A00-951E-53FBA583A5FF}.Release|x64.Build.0 = Release|x64
		{095150C9-22E4-4A00-951E-53FBA583A5FF}.Release|x86.ActiveCfg = Release|Win32
		{095150C9-22E4-4A00-951E-53FBA583A5FF}.Release|x86.Build.0 = Release|Win32
	EndGlobalSection
	GlobalSection(SolutionProperties) = preSolution
		HideSolutionNode = FALSE
	EndGlobalSection
	GlobalSection(ExtensibilityGlobals) = postSolution
		SolutionGuid = {93054A00-3C4C-4BB9-AB0A-7DDA6F4A6D12}
	EndGlobalSection
EndGlobal
